
Microsoft Visual Studio Solution File, Format Version 12.00
# Visual Studio Version 16
VisualStudioVersion = 16.0.32802.440
MinimumVisualStudioVersion = 10.0.40219.1
Project("{FAE04EC0-301F-11D3-BF4B-00C04F79EFBC}") = "Assignment_06", "Assignment_06\Assignment_06.csproj", "{7B8646F7-45D5-426E-8DB0-DE585933EA82}"
EndProject
Project("{FAE04EC0-301F-11D3-BF4B-00C04F79EFBC}") = "Assignment_6_1", "Assignment_6_1\Assignment_6_1.csproj", "{DDBE1828-FDD7-4AA6-85A2-F507F6ACF7D9}"
EndProject
Project("{FAE04EC0-301F-11D3-BF4B-00C04F79EFBC}") = "Assignment_6_2", "Assignment_6_2\Assignment_6_2.csproj", "{7ED2FD0F-39B0-452B-965D-F048031884BC}"
EndProject
Project("{FAE04EC0-301F-11D3-BF4B-00C04F79EFBC}") = "Assignment_6_4", "Assignment_6_4\Assignment_6_4.csproj", "{8C9EF828-E11B-43D3-90B1-E5FAD74096B9}"
EndProject
Project("{FAE04EC0-301F-11D3-BF4B-00C04F79EFBC}") = "Assignment_6_3", "Assignment_6_3\Assignment_6_3.csproj", "{F1208F7B-2B90-428A-A740-8CE67E2E7985}"
EndProject
Global
	GlobalSection(SolutionConfigurationPlatforms) = preSolution
		Debug|Any CPU = Debug|Any CPU
		Release|Any CPU = Release|Any CPU
	EndGlobalSection
	GlobalSection(ProjectConfigurationPlatforms) = postSolution
		{7B8646F7-45D5-426E-8DB0-DE585933EA82}.Debug|Any CPU.ActiveCfg = Debug|Any CPU
		{7B8646F7-45D5-426E-8DB0-DE585933EA82}.Debug|Any CPU.Build.0 = Debug|Any CPU
		{7B8646F7-45D5-426E-8DB0-DE585933EA82}.Release|Any CPU.ActiveCfg = Release|Any CPU
		{7B8646F7-45D5-426E-8DB0-DE585933EA82}.Release|Any CPU.Build.0 = Release|Any CPU
		{DDBE1828-FDD7-4AA6-85A2-F507F6ACF7D9}.Debug|Any CPU.ActiveCfg = Debug|Any CPU
		{DDBE1828-FDD7-4AA6-85A2-F507F6ACF7D9}.Debug|Any CPU.Build.0 = Debug|Any CPU
		{DDBE1828-FDD7-4AA6-85A2-F507F6ACF7D9}.Release|Any CPU.ActiveCfg = Release|Any CPU
		{DDBE1828-FDD7-4AA6-85A2-F507F6ACF7D9}.Release|Any CPU.Build.0 = Release|Any CPU
		{7ED2FD0F-39B0-452B-965D-F048031884BC}.Debug|Any CPU.ActiveCfg = Debug|Any CPU
		{7ED2FD0F-39B0-452B-965D-F048031884BC}.Debug|Any CPU.Build.0 = Debug|Any CPU
		{7ED2FD0F-39B0-452B-965D-F048031884BC}.Release|Any CPU.ActiveCfg = Release|Any CPU
		{7ED2FD0F-39B0-452B-965D-F048031884BC}.Release|Any CPU.Build.0 = Release|Any CPU
		{8C9EF828-E11B-43D3-90B1-E5FAD74096B9}.Debug|Any CPU.ActiveCfg = Debug|Any CPU
		{8C9EF828-E11B-43D3-90B1-E5FAD74096B9}.Debug|Any CPU.Build.0 = Debug|Any CPU
		{8C9EF828-E11B-43D3-90B1-E5FAD74096B9}.Release|Any CPU.ActiveCfg = Release|Any CPU
		{8C9EF828-E11B-43D3-90B1-E5FAD74096B9}.Release|Any CPU.Build.0 = Release|Any CPU
		{F1208F7B-2B90-428A-A740-8CE67E2E7985}.Debug|Any CPU.ActiveCfg = Debug|Any CPU
		{F1208F7B-2B90-428A-A740-8CE67E2E7985}.Debug|Any CPU.Build.0 = Debug|Any CPU
		{F1208F7B-2B90-428A-A740-8CE67E2E7985}.Release|Any CPU.ActiveCfg = Release|Any CPU
		{F1208F7B-2B90-428A-A740-8CE67E2E7985}.Release|Any CPU.Build.0 = Release|Any CPU
	EndGlobalSection
	GlobalSection(SolutionProperties) = preSolution
		HideSolutionNode = FALSE
	EndGlobalSection
	GlobalSection(ExtensibilityGlobals) = postSolution
		SolutionGuid = {E9F1C219-9873-426A-BA70-76E87D06BD59}
	EndGlobalSection
EndGlobal
