
Microsoft Visual Studio Solution File, Format Version 12.00
# Visual Studio Version 16
VisualStudioVersion = 16.0.32630.194
MinimumVisualStudioVersion = 10.0.40219.1
Project("{FAE04EC0-301F-11D3-BF4B-00C04F79EFBC}") = "Day3EFPrj", "Day3EFPrj\Day3EFPrj.csproj", "{DC72097E-5A94-4EE4-A96D-DD66EBDA08E8}"
EndProject
Global
	GlobalSection(SolutionConfigurationPlatforms) = preSolution
		Debug|Any CPU = Debug|Any CPU
		Release|Any CPU = Release|Any CPU
	EndGlobalSection
	GlobalSection(ProjectConfigurationPlatforms) = postSolution
		{DC72097E-5A94-4EE4-A96D-DD66EBDA08E8}.Debug|Any CPU.ActiveCfg = Debug|Any CPU
		{DC72097E-5A94-4EE4-A96D-DD66EBDA08E8}.Debug|Any CPU.Build.0 = Debug|Any CPU
		{DC72097E-5A94-4EE4-A96D-DD66EBDA08E8}.Release|Any CPU.ActiveCfg = Release|Any CPU
		{DC72097E-5A94-4EE4-A96D-DD66EBDA08E8}.Release|Any CPU.Build.0 = Release|Any CPU
	EndGlobalSection
	GlobalSection(SolutionProperties) = preSolution
		HideSolutionNode = FALSE
	EndGlobalSection
	GlobalSection(ExtensibilityGlobals) = postSolution
		SolutionGuid = {197813FC-686A-43D1-9CB6-922BEF6B51E3}
	EndGlobalSection
EndGlobal
